
Microsoft Visual Studio Solution File, Format Version 12.00
# Visual Studio 14
VisualStudioVersion = 14.0.25420.1
MinimumVisualStudioVersion = 10.0.40219.1
Project("{FAE04EC0-301F-11D3-BF4B-00C04F79EFBC}") = "ExcelExportDemo", "ExcelExportDemo\ExcelExportDemo.csproj", "{F3C91A23-4616-4AFF-8EA7-2E64D9E0B7FD}"
EndProject
Project("{FAE04EC0-301F-11D3-BF4B-00C04F79EFBC}") = "ExcelExportHelper", "ExcelExportHelper\ExcelExportHelper.csproj", "{84338ABD-91C0-4516-810D-D8BF179A79BA}"
EndProject
Global
	GlobalSection(SolutionConfigurationPlatforms) = preSolution
		Debug|Any CPU = Debug|Any CPU
		Release|Any CPU = Release|Any CPU
	EndGlobalSection
	GlobalSection(ProjectConfigurationPlatforms) = postSolution
		{F3C91A23-4616-4AFF-8EA7-2E64D9E0B7FD}.Debug|Any CPU.ActiveCfg = Debug|Any CPU
		{F3C91A23-4616-4AFF-8EA7-2E64D9E0B7FD}.Debug|Any CPU.Build.0 = Debug|Any CPU
		{F3C91A23-4616-4AFF-8EA7-2E64D9E0B7FD}.Release|Any CPU.ActiveCfg = Release|Any CPU
		{F3C91A23-4616-4AFF-8EA7-2E64D9E0B7FD}.Release|Any CPU.Build.0 = Release|Any CPU
		{84338ABD-91C0-4516-810D-D8BF179A79BA}.Debug|Any CPU.ActiveCfg = Debug|Any CPU
		{84338ABD-91C0-4516-810D-D8BF179A79BA}.Debug|Any CPU.Build.0 = Debug|Any CPU
		{84338ABD-91C0-4516-810D-D8BF179A79BA}.Release|Any CPU.ActiveCfg = Release|Any CPU
		{84338ABD-91C0-4516-810D-D8BF179A79BA}.Release|Any CPU.Build.0 = Release|Any CPU
	EndGlobalSection
	GlobalSection(SolutionProperties) = preSolution
		HideSolutionNode = FALSE
	EndGlobalSection
EndGlobal
